// !$*UTF8*$!
{
	archiveVersion = 1;
	classes = {
	};
	objectVersion = 46;
	objects = {

/* Begin PBXBuildFile section */
		A177C519136DEBE50003641F /* Cocoa.framework in Frameworks */ = {isa = PBXBuildFile; fileRef = A177C518136DEBE50003641F /* Cocoa.framework */; };
		A177C52A136DEC990003641F /* XCodeCurrentLineHighlighter.m in Sources */ = {isa = PBXBuildFile; fileRef = A177C528136DEC990003641F /* XCodeCurrentLineHighlighter.m */; };
/* End PBXBuildFile section */

/* Begin PBXFileReference section */
		A177C515136DEBE50003641F /* CurrentLineHighlighter.dylib */ = {isa = PBXFileReference; explicitFileType = "compiled.mach-o.dylib"; includeInIndex = 0; path = CurrentLineHighlighter.dylib; sourceTree = BUILT_PRODUCTS_DIR; };
		A177C518136DEBE50003641F /* Cocoa.framework */ = {isa = PBXFileReference; lastKnownFileType = wrapper.framework; name = Cocoa.framework; path = System/Library/Frameworks/Cocoa.framework; sourceTree = SDKROOT; };
		A177C51B136DEBE50003641F /* AppKit.framework */ = {isa = PBXFileReference; lastKnownFileType = wrapper.framework; name = AppKit.framework; path = System/Library/Frameworks/AppKit.framework; sourceTree = SDKROOT; };
		A177C51C136DEBE50003641F /* CoreData.framework */ = {isa = PBXFileReference; lastKnownFileType = wrapper.framework; name = CoreData.framework; path = System/Library/Frameworks/CoreData.framework; sourceTree = SDKROOT; };
		A177C51D136DEBE50003641F /* Foundation.framework */ = {isa = PBXFileReference; lastKnownFileType = wrapper.framework; name = Foundation.framework; path = System/Library/Frameworks/Foundation.framework; sourceTree = SDKROOT; };
		A177C528136DEC990003641F /* XCodeCurrentLineHighlighter.m */ = {isa = PBXFileReference; fileEncoding = 4; lastKnownFileType = sourcecode.c.objc; path = XCodeCurrentLineHighlighter.m; sourceTree = "<group>"; };
/* End PBXFileReference section */

/* Begin PBXFrameworksBuildPhase section */
		A177C512136DEBE50003641F /* Frameworks */ = {
			isa = PBXFrameworksBuildPhase;
			buildActionMask = 2147483647;
			files = (
				A177C519136DEBE50003641F /* Cocoa.framework in Frameworks */,
			);
			runOnlyForDeploymentPostprocessing = 0;
		};
/* End PBXFrameworksBuildPhase section */

/* Begin PBXGroup section */
		A177C50A136DEBE50003641F = {
			isa = PBXGroup;
			children = (
				A177C51E136DEBE50003641F /* CurrentLineHighlighter */,
				A177C517136DEBE50003641F /* Frameworks */,
				A177C516136DEBE50003641F /* Products */,
			);
			sourceTree = "<group>";
		};
		A177C516136DEBE50003641F /* Products */ = {
			isa = PBXGroup;
			children = (
				A177C515136DEBE50003641F /* CurrentLineHighlighter.dylib */,
			);
			name = Products;
			sourceTree = "<group>";
		};
		A177C517136DEBE50003641F /* Frameworks */ = {
			isa = PBXGroup;
			children = (
				A177C518136DEBE50003641F /* Cocoa.framework */,
				A177C51A136DEBE50003641F /* Other Frameworks */,
			);
			name = Frameworks;
			sourceTree = "<group>";
		};
		A177C51A136DEBE50003641F /* Other Frameworks */ = {
			isa = PBXGroup;
			children = (
				A177C51B136DEBE50003641F /* AppKit.framework */,
				A177C51C136DEBE50003641F /* CoreData.framework */,
				A177C51D136DEBE50003641F /* Foundation.framework */,
			);
			name = "Other Frameworks";
			sourceTree = "<group>";
		};
		A177C51E136DEBE50003641F /* CurrentLineHighlighter */ = {
			isa = PBXGroup;
			children = (
				A177C526136DEC520003641F /* Source */,
				A177C51F136DEBE50003641F /* Supporting Files */,
			);
			path = CurrentLineHighlighter;
			sourceTree = "<group>";
		};
		A177C51F136DEBE50003641F /* Supporting Files */ = {
			isa = PBXGroup;
			children = (
			);
			name = "Supporting Files";
			sourceTree = "<group>";
		};
		A177C526136DEC520003641F /* Source */ = {
			isa = PBXGroup;
			children = (
				A177C528136DEC990003641F /* XCodeCurrentLineHighlighter.m */,
			);
			name = Source;
			sourceTree = "<group>";
		};
/* End PBXGroup section */

/* Begin PBXHeadersBuildPhase section */
		A177C513136DEBE50003641F /* Headers */ = {
			isa = PBXHeadersBuildPhase;
			buildActionMask = 2147483647;
			files = (
			);
			runOnlyForDeploymentPostprocessing = 0;
		};
/* End PBXHeadersBuildPhase section */

/* Begin PBXNativeTarget section */
		A177C514136DEBE50003641F /* CurrentLineHighlighter */ = {
			isa = PBXNativeTarget;
			buildConfigurationList = A177C523136DEBE50003641F /* Build configuration list for PBXNativeTarget "CurrentLineHighlighter" */;
			buildPhases = (
				A177C511136DEBE50003641F /* Sources */,
				A177C512136DEBE50003641F /* Frameworks */,
				A177C513136DEBE50003641F /* Headers */,
			);
			buildRules = (
			);
			dependencies = (
			);
			name = CurrentLineHighlighter;
			productName = CurrentLineHighlighter;
			productReference = A177C515136DEBE50003641F /* CurrentLineHighlighter.dylib */;
			productType = "com.apple.product-type.library.dynamic";
		};
/* End PBXNativeTarget section */

/* Begin PBXProject section */
		A177C50C136DEBE50003641F /* Project object */ = {
			isa = PBXProject;
			buildConfigurationList = A177C50F136DEBE50003641F /* Build configuration list for PBXProject "CurrentLineHighlighter" */;
			compatibilityVersion = "Xcode 3.2";
			developmentRegion = English;
			hasScannedForEncodings = 0;
			knownRegions = (
				en,
			);
			mainGroup = A177C50A136DEBE50003641F;
			productRefGroup = A177C516136DEBE50003641F /* Products */;
			projectDirPath = "";
			projectRoot = "";
			targets = (
				A177C514136DEBE50003641F /* CurrentLineHighlighter */,
			);
		};
/* End PBXProject section */

/* Begin PBXSourcesBuildPhase section */
		A177C511136DEBE50003641F /* Sources */ = {
			isa = PBXSourcesBuildPhase;
			buildActionMask = 2147483647;
			files = (
				A177C52A136DEC990003641F /* XCodeCurrentLineHighlighter.m in Sources */,
			);
			runOnlyForDeploymentPostprocessing = 0;
		};
/* End PBXSourcesBuildPhase section */

/* Begin XCBuildConfiguration section */
		A177C521136DEBE50003641F /* Debug */ = {
			isa = XCBuildConfiguration;
			buildSettings = {
				ARCHS = "$(ARCHS_STANDARD_32_64_BIT)";
				GCC_C_LANGUAGE_STANDARD = gnu99;
				GCC_OPTIMIZATION_LEVEL = 0;
				GCC_PREPROCESSOR_DEFINITIONS = DEBUG;
				GCC_SYMBOLS_PRIVATE_EXTERN = NO;
				GCC_VERSION = com.apple.compilers.llvm.clang.1_0;
				GCC_WARN_64_TO_32_BIT_CONVERSION = YES;
				GCC_WARN_ABOUT_RETURN_TYPE = YES;
				GCC_WARN_UNUSED_VARIABLE = YES;
				MACOSX_DEPLOYMENT_TARGET = 10.6;
				ONLY_ACTIVE_ARCH = YES;
				SDKROOT = macosx;
			};
			name = Debug;
		};
		A177C522136DEBE50003641F /* Release */ = {
			isa = XCBuildConfiguration;
			buildSettings = {
				ARCHS = "$(ARCHS_STANDARD_32_64_BIT)";
				GCC_C_LANGUAGE_STANDARD = gnu99;
				GCC_VERSION = com.apple.compilers.llvm.clang.1_0;
				GCC_WARN_64_TO_32_BIT_CONVERSION = YES;
				GCC_WARN_ABOUT_RETURN_TYPE = YES;
				GCC_WARN_UNUSED_VARIABLE = YES;
				MACOSX_DEPLOYMENT_TARGET = 10.6;
				SDKROOT = macosx;
			};
			name = Release;
		};
		A177C524136DEBE50003641F /* Debug */ = {
			isa = XCBuildConfiguration;
			buildSettings = {
				ALWAYS_SEARCH_USER_PATHS = NO;
				COPY_PHASE_STRIP = NO;
				DYLIB_COMPATIBILITY_VERSION = 1;
				DYLIB_CURRENT_VERSION = 1;
				GCC_DYNAMIC_NO_PIC = NO;
				GCC_ENABLE_OBJC_EXCEPTIONS = YES;
				GCC_ENABLE_OBJC_GC = supported;
				GCC_PRECOMPILE_PREFIX_HEADER = NO;
				GCC_PREFIX_HEADER = "";
				PRODUCT_NAME = "$(TARGET_NAME)";
			};
			name = Debug;
		};
		A177C525136DEBE50003641F /* Release */ = {
			isa = XCBuildConfiguration;
			buildSettings = {
				ALWAYS_SEARCH_USER_PATHS = NO;
				COPY_PHASE_STRIP = YES;
				DEBUG_INFORMATION_FORMAT = "dwarf-with-dsym";
				DYLIB_COMPATIBILITY_VERSION = 1;
				DYLIB_CURRENT_VERSION = 1;
				GCC_ENABLE_OBJC_EXCEPTIONS = YES;
				GCC_ENABLE_OBJC_GC = supported;
				GCC_PRECOMPILE_PREFIX_HEADER = NO;
				GCC_PREFIX_HEADER = "";
				PRODUCT_NAME = "$(TARGET_NAME)";
			};
			name = Release;
		};
/* End XCBuildConfiguration section */

/* Begin XCConfigurationList section */
		A177C50F136DEBE50003641F /* Build configuration list for PBXProject "CurrentLineHighlighter" */ = {
			isa = XCConfigurationList;
			buildConfigurations = (
				A177C521136DEBE50003641F /* Debug */,
				A177C522136DEBE50003641F /* Release */,
			);
			defaultConfigurationIsVisible = 0;
			defaultConfigurationName = Release;
		};
		A177C523136DEBE50003641F /* Build configuration list for PBXNativeTarget "CurrentLineHighlighter" */ = {
			isa = XCConfigurationList;
			buildConfigurations = (
				A177C524136DEBE50003641F /* Debug */,
				A177C525136DEBE50003641F /* Release */,
			);
			defaultConfigurationIsVisible = 0;
			defaultConfigurationName = Release;
		};
/* End XCConfigurationList section */
	};
	rootObject = A177C50C136DEBE50003641F /* Project object */;
}
