// !$*UTF8*$!
{
	archiveVersion = 1;
	classes = {
	};
	objectVersion = 46;
	objects = {

/* Begin PBXBuildFile section */
		1D3623260D0F684500981E51 /* SeismicXMLAppDelegate.eero in Sources */ = {isa = PBXBuildFile; fileRef = 1D3623250D0F684500981E51 /* SeismicXMLAppDelegate.eero */; };
		1D60589B0D05DD56006BFB54 /* main.m in Sources */ = {isa = PBXBuildFile; fileRef = 29B97316FDCFA39411CA2CEA /* main.m */; };
		1D60589F0D05DD5A006BFB54 /* Foundation.framework in Frameworks */ = {isa = PBXBuildFile; fileRef = 1D30AB110D05D00D00671497 /* Foundation.framework */; };
		1DF5F4E00D08C38300B7A737 /* UIKit.framework in Frameworks */ = {isa = PBXBuildFile; fileRef = 1DF5F4DF0D08C38300B7A737 /* UIKit.framework */; };
		28AD73600D9D9599002E5188 /* MainWindow.xib in Resources */ = {isa = PBXBuildFile; fileRef = 28AD735F0D9D9599002E5188 /* MainWindow.xib */; };
		28C286E10D94DF7D0034E888 /* RootViewController.eero in Sources */ = {isa = PBXBuildFile; fileRef = 28C286E00D94DF7D0034E888 /* RootViewController.eero */; };
		302EC8A80F9940BA00C3EF5A /* RootView.xib in Resources */ = {isa = PBXBuildFile; fileRef = 302EC8A70F9940BA00C3EF5A /* RootView.xib */; };
		30AE758F0FAB9CA2000B9BFA /* Localizable.strings in Resources */ = {isa = PBXBuildFile; fileRef = 30AE758D0FAB9CA2000B9BFA /* Localizable.strings */; };
		5374FB411202207200E10248 /* ParseOperation.eero in Sources */ = {isa = PBXBuildFile; fileRef = 5374FB401202207200E10248 /* ParseOperation.eero */; };
		5374FB58120221F200E10248 /* iTunesArtwork in Resources */ = {isa = PBXBuildFile; fileRef = 5374FB57120221F200E10248 /* iTunesArtwork */; };
		84EF889E0DB9369300448949 /* Earthquake.eero in Sources */ = {isa = PBXBuildFile; fileRef = 84EF889D0DB9369300448949 /* Earthquake.eero */; };
		A1E7E5601633C7FA006FBEAD /* Default-568h@2x.png in Resources */ = {isa = PBXBuildFile; fileRef = A1E7E55F1633C7FA006FBEAD /* Default-568h@2x.png */; };
		CB6C7BC411D4070A00AC7FA8 /* 2.0.png in Resources */ = {isa = PBXBuildFile; fileRef = CB6C7BB911D4070A00AC7FA8 /* 2.0.png */; };
		CB6C7BC511D4070A00AC7FA8 /* 3.0.png in Resources */ = {isa = PBXBuildFile; fileRef = CB6C7BBA11D4070A00AC7FA8 /* 3.0.png */; };
		CB6C7BC611D4070A00AC7FA8 /* 4.0.png in Resources */ = {isa = PBXBuildFile; fileRef = CB6C7BBB11D4070A00AC7FA8 /* 4.0.png */; };
		CB6C7BC711D4070A00AC7FA8 /* 5.0.png in Resources */ = {isa = PBXBuildFile; fileRef = CB6C7BBC11D4070A00AC7FA8 /* 5.0.png */; };
		CB6C7BC811D4070A00AC7FA8 /* Default.png in Resources */ = {isa = PBXBuildFile; fileRef = CB6C7BBD11D4070A00AC7FA8 /* Default.png */; };
		CB6C7BC911D4070A00AC7FA8 /* Icon-72.png in Resources */ = {isa = PBXBuildFile; fileRef = CB6C7BBE11D4070A00AC7FA8 /* Icon-72.png */; };
		CB6C7BCA11D4070A00AC7FA8 /* Icon-Small-50.png in Resources */ = {isa = PBXBuildFile; fileRef = CB6C7BBF11D4070A00AC7FA8 /* Icon-Small-50.png */; };
		CB6C7BCB11D4070A00AC7FA8 /* Icon-Small.png in Resources */ = {isa = PBXBuildFile; fileRef = CB6C7BC011D4070A00AC7FA8 /* Icon-Small.png */; };
		CB6C7BCC11D4070A00AC7FA8 /* Icon-Small@2x.png in Resources */ = {isa = PBXBuildFile; fileRef = CB6C7BC111D4070A00AC7FA8 /* Icon-Small@2x.png */; };
		CB6C7BCD11D4070A00AC7FA8 /* Icon.png in Resources */ = {isa = PBXBuildFile; fileRef = CB6C7BC211D4070A00AC7FA8 /* Icon.png */; };
		CB6C7BCE11D4070A00AC7FA8 /* Icon@2x.png in Resources */ = {isa = PBXBuildFile; fileRef = CB6C7BC311D4070A00AC7FA8 /* Icon@2x.png */; };
/* End PBXBuildFile section */

/* Begin PBXFileReference section */
		1D30AB110D05D00D00671497 /* Foundation.framework */ = {isa = PBXFileReference; lastKnownFileType = wrapper.framework; name = Foundation.framework; path = System/Library/Frameworks/Foundation.framework; sourceTree = SDKROOT; };
		1D3623240D0F684500981E51 /* SeismicXMLAppDelegate.h */ = {isa = PBXFileReference; fileEncoding = 4; lastKnownFileType = sourcecode.c.h; path = SeismicXMLAppDelegate.h; sourceTree = "<group>"; };
		1D3623250D0F684500981E51 /* SeismicXMLAppDelegate.eero */ = {isa = PBXFileReference; fileEncoding = 4; lastKnownFileType = sourcecode.eero; path = SeismicXMLAppDelegate.eero; sourceTree = "<group>"; };
		1D6058910D05DD3D006BFB54 /* SeismicXML.app */ = {isa = PBXFileReference; explicitFileType = wrapper.application; includeInIndex = 0; path = SeismicXML.app; sourceTree = BUILT_PRODUCTS_DIR; };
		1DF5F4DF0D08C38300B7A737 /* UIKit.framework */ = {isa = PBXFileReference; lastKnownFileType = wrapper.framework; name = UIKit.framework; path = System/Library/Frameworks/UIKit.framework; sourceTree = SDKROOT; };
		28A0AAE50D9B0CCF005BE974 /* SeismicXML_Prefix.pch */ = {isa = PBXFileReference; fileEncoding = 4; lastKnownFileType = sourcecode.c.h; path = SeismicXML_Prefix.pch; sourceTree = "<group>"; };
		28AD735F0D9D9599002E5188 /* MainWindow.xib */ = {isa = PBXFileReference; lastKnownFileType = file.xib; name = MainWindow.xib; path = en.lproj/MainWindow.xib; sourceTree = "<group>"; };
		28C286DF0D94DF7D0034E888 /* RootViewController.h */ = {isa = PBXFileReference; fileEncoding = 4; lastKnownFileType = sourcecode.c.h; path = RootViewController.h; sourceTree = "<group>"; };
		28C286E00D94DF7D0034E888 /* RootViewController.eero */ = {isa = PBXFileReference; fileEncoding = 4; lastKnownFileType = sourcecode.eero; path = RootViewController.eero; sourceTree = "<group>"; };
		29B97316FDCFA39411CA2CEA /* main.m */ = {isa = PBXFileReference; fileEncoding = 4; lastKnownFileType = sourcecode.c.objc; path = main.m; sourceTree = "<group>"; };
		302EC8A70F9940BA00C3EF5A /* RootView.xib */ = {isa = PBXFileReference; lastKnownFileType = file.xib; name = RootView.xib; path = en.lproj/RootView.xib; sourceTree = "<group>"; };
		30AE758E0FAB9CA2000B9BFA /* en */ = {isa = PBXFileReference; fileEncoding = 10; lastKnownFileType = text.plist.strings; name = en; path = en.lproj/Localizable.strings; sourceTree = "<group>"; };
		5374FB3F1202207200E10248 /* ParseOperation.h */ = {isa = PBXFileReference; fileEncoding = 4; lastKnownFileType = sourcecode.c.h; path = ParseOperation.h; sourceTree = "<group>"; };
		5374FB401202207200E10248 /* ParseOperation.eero */ = {isa = PBXFileReference; fileEncoding = 4; lastKnownFileType = sourcecode.eero; path = ParseOperation.eero; sourceTree = "<group>"; };
		5374FB57120221F200E10248 /* iTunesArtwork */ = {isa = PBXFileReference; lastKnownFileType = file; path = iTunesArtwork; sourceTree = "<group>"; };
		8480A9C70DB947D700CD87F1 /* ReadMe.txt */ = {isa = PBXFileReference; fileEncoding = 4; lastKnownFileType = text; path = ReadMe.txt; sourceTree = "<group>"; };
		84EF889C0DB9369300448949 /* Earthquake.h */ = {isa = PBXFileReference; fileEncoding = 4; lastKnownFileType = sourcecode.c.h; path = Earthquake.h; sourceTree = "<group>"; };
		84EF889D0DB9369300448949 /* Earthquake.eero */ = {isa = PBXFileReference; fileEncoding = 4; lastKnownFileType = sourcecode.eero; path = Earthquake.eero; sourceTree = "<group>"; };
		8D1107310486CEB800E47090 /* Info.plist */ = {isa = PBXFileReference; fileEncoding = 4; lastKnownFileType = text.plist.xml; path = Info.plist; sourceTree = "<group>"; };
		A163D66916348D4C000B8DEC /* LegacyMacros.h */ = {isa = PBXFileReference; lastKnownFileType = sourcecode.c.h; path = LegacyMacros.h; sourceTree = "<group>"; };
		A1E7E55F1633C7FA006FBEAD /* Default-568h@2x.png */ = {isa = PBXFileReference; lastKnownFileType = image.png; path = "Default-568h@2x.png"; sourceTree = "<group>"; };
		CB6C7BB911D4070A00AC7FA8 /* 2.0.png */ = {isa = PBXFileReference; lastKnownFileType = image.png; path = 2.0.png; sourceTree = "<group>"; };
		CB6C7BBA11D4070A00AC7FA8 /* 3.0.png */ = {isa = PBXFileReference; lastKnownFileType = image.png; path = 3.0.png; sourceTree = "<group>"; };
		CB6C7BBB11D4070A00AC7FA8 /* 4.0.png */ = {isa = PBXFileReference; lastKnownFileType = image.png; path = 4.0.png; sourceTree = "<group>"; };
		CB6C7BBC11D4070A00AC7FA8 /* 5.0.png */ = {isa = PBXFileReference; lastKnownFileType = image.png; path = 5.0.png; sourceTree = "<group>"; };
		CB6C7BBD11D4070A00AC7FA8 /* Default.png */ = {isa = PBXFileReference; lastKnownFileType = image.png; path = Default.png; sourceTree = "<group>"; };
		CB6C7BBE11D4070A00AC7FA8 /* Icon-72.png */ = {isa = PBXFileReference; lastKnownFileType = image.png; path = "Icon-72.png"; sourceTree = "<group>"; };
		CB6C7BBF11D4070A00AC7FA8 /* Icon-Small-50.png */ = {isa = PBXFileReference; lastKnownFileType = image.png; path = "Icon-Small-50.png"; sourceTree = "<group>"; };
		CB6C7BC011D4070A00AC7FA8 /* Icon-Small.png */ = {isa = PBXFileReference; lastKnownFileType = image.png; path = "Icon-Small.png"; sourceTree = "<group>"; };
		CB6C7BC111D4070A00AC7FA8 /* Icon-Small@2x.png */ = {isa = PBXFileReference; lastKnownFileType = image.png; path = "Icon-Small@2x.png"; sourceTree = "<group>"; };
		CB6C7BC211D4070A00AC7FA8 /* Icon.png */ = {isa = PBXFileReference; lastKnownFileType = image.png; path = Icon.png; sourceTree = "<group>"; };
		CB6C7BC311D4070A00AC7FA8 /* Icon@2x.png */ = {isa = PBXFileReference; lastKnownFileType = image.png; path = "Icon@2x.png"; sourceTree = "<group>"; };
/* End PBXFileReference section */

/* Begin PBXFrameworksBuildPhase section */
		1D60588F0D05DD3D006BFB54 /* Frameworks */ = {
			isa = PBXFrameworksBuildPhase;
			buildActionMask = 2147483647;
			files = (
				1D60589F0D05DD5A006BFB54 /* Foundation.framework in Frameworks */,
				1DF5F4E00D08C38300B7A737 /* UIKit.framework in Frameworks */,
			);
			runOnlyForDeploymentPostprocessing = 0;
		};
/* End PBXFrameworksBuildPhase section */

/* Begin PBXGroup section */
		080E96DDFE201D6D7F000001 /* Classes */ = {
			isa = PBXGroup;
			children = (
				1D3623240D0F684500981E51 /* SeismicXMLAppDelegate.h */,
				1D3623250D0F684500981E51 /* SeismicXMLAppDelegate.eero */,
				28C286DF0D94DF7D0034E888 /* RootViewController.h */,
				28C286E00D94DF7D0034E888 /* RootViewController.eero */,
				84EF889C0DB9369300448949 /* Earthquake.h */,
				84EF889D0DB9369300448949 /* Earthquake.eero */,
				5374FB3F1202207200E10248 /* ParseOperation.h */,
				5374FB401202207200E10248 /* ParseOperation.eero */,
			);
			path = Classes;
			sourceTree = "<group>";
		};
		19C28FACFE9D520D11CA2CBB /* Products */ = {
			isa = PBXGroup;
			children = (
				1D6058910D05DD3D006BFB54 /* SeismicXML.app */,
			);
			name = Products;
			sourceTree = "<group>";
		};
		29B97314FDCFA39411CA2CEA /* CustomTemplate */ = {
			isa = PBXGroup;
			children = (
				A1E7E55F1633C7FA006FBEAD /* Default-568h@2x.png */,
				8480A9C70DB947D700CD87F1 /* ReadMe.txt */,
				080E96DDFE201D6D7F000001 /* Classes */,
				29B97315FDCFA39411CA2CEA /* Other Sources */,
				29B97317FDCFA39411CA2CEA /* Resources */,
				29B97323FDCFA39411CA2CEA /* Frameworks */,
				19C28FACFE9D520D11CA2CBB /* Products */,
			);
			name = CustomTemplate;
			sourceTree = "<group>";
		};
		29B97315FDCFA39411CA2CEA /* Other Sources */ = {
			isa = PBXGroup;
			children = (
				28A0AAE50D9B0CCF005BE974 /* SeismicXML_Prefix.pch */,
				29B97316FDCFA39411CA2CEA /* main.m */,
				A163D66916348D4C000B8DEC /* LegacyMacros.h */,
			);
			name = "Other Sources";
			sourceTree = "<group>";
		};
		29B97317FDCFA39411CA2CEA /* Resources */ = {
			isa = PBXGroup;
			children = (
				CB6C7BB811D4070A00AC7FA8 /* images */,
				28AD735F0D9D9599002E5188 /* MainWindow.xib */,
				302EC8A70F9940BA00C3EF5A /* RootView.xib */,
				8D1107310486CEB800E47090 /* Info.plist */,
				30AE758D0FAB9CA2000B9BFA /* Localizable.strings */,
			);
			name = Resources;
			sourceTree = "<group>";
		};
		29B97323FDCFA39411CA2CEA /* Frameworks */ = {
			isa = PBXGroup;
			children = (
				1DF5F4DF0D08C38300B7A737 /* UIKit.framework */,
				1D30AB110D05D00D00671497 /* Foundation.framework */,
			);
			name = Frameworks;
			sourceTree = "<group>";
		};
		CB6C7BB811D4070A00AC7FA8 /* images */ = {
			isa = PBXGroup;
			children = (
				CB6C7BB911D4070A00AC7FA8 /* 2.0.png */,
				CB6C7BBA11D4070A00AC7FA8 /* 3.0.png */,
				CB6C7BBB11D4070A00AC7FA8 /* 4.0.png */,
				CB6C7BBC11D4070A00AC7FA8 /* 5.0.png */,
				CB6C7BBD11D4070A00AC7FA8 /* Default.png */,
				CB6C7BBE11D4070A00AC7FA8 /* Icon-72.png */,
				CB6C7BBF11D4070A00AC7FA8 /* Icon-Small-50.png */,
				CB6C7BC011D4070A00AC7FA8 /* Icon-Small.png */,
				CB6C7BC111D4070A00AC7FA8 /* Icon-Small@2x.png */,
				CB6C7BC211D4070A00AC7FA8 /* Icon.png */,
				CB6C7BC311D4070A00AC7FA8 /* Icon@2x.png */,
				5374FB57120221F200E10248 /* iTunesArtwork */,
			);
			path = images;
			sourceTree = "<group>";
		};
/* End PBXGroup section */

/* Begin PBXNativeTarget section */
		1D6058900D05DD3D006BFB54 /* SeismicXML */ = {
			isa = PBXNativeTarget;
			buildConfigurationList = 1D6058960D05DD3E006BFB54 /* Build configuration list for PBXNativeTarget "SeismicXML" */;
			buildPhases = (
				1D60588D0D05DD3D006BFB54 /* Resources */,
				1D60588E0D05DD3D006BFB54 /* Sources */,
				1D60588F0D05DD3D006BFB54 /* Frameworks */,
			);
			buildRules = (
			);
			dependencies = (
			);
			name = SeismicXML;
			productName = SeismicXML;
			productReference = 1D6058910D05DD3D006BFB54 /* SeismicXML.app */;
			productType = "com.apple.product-type.application";
		};
/* End PBXNativeTarget section */

/* Begin PBXProject section */
		29B97313FDCFA39411CA2CEA /* Project object */ = {
			isa = PBXProject;
			attributes = {
				LastUpgradeCheck = 0450;
			};
			buildConfigurationList = C01FCF4E08A954540054247B /* Build configuration list for PBXProject "SeismicXML" */;
			compatibilityVersion = "Xcode 3.2";
			developmentRegion = English;
			hasScannedForEncodings = 1;
			knownRegions = (
				English,
				Japanese,
				French,
				German,
				en,
			);
			mainGroup = 29B97314FDCFA39411CA2CEA /* CustomTemplate */;
			projectDirPath = "";
			projectRoot = "";
			targets = (
				1D6058900D05DD3D006BFB54 /* SeismicXML */,
			);
		};
/* End PBXProject section */

/* Begin PBXResourcesBuildPhase section */
		1D60588D0D05DD3D006BFB54 /* Resources */ = {
			isa = PBXResourcesBuildPhase;
			buildActionMask = 2147483647;
			files = (
				28AD73600D9D9599002E5188 /* MainWindow.xib in Resources */,
				302EC8A80F9940BA00C3EF5A /* RootView.xib in Resources */,
				30AE758F0FAB9CA2000B9BFA /* Localizable.strings in Resources */,
				CB6C7BC411D4070A00AC7FA8 /* 2.0.png in Resources */,
				CB6C7BC511D4070A00AC7FA8 /* 3.0.png in Resources */,
				CB6C7BC611D4070A00AC7FA8 /* 4.0.png in Resources */,
				CB6C7BC711D4070A00AC7FA8 /* 5.0.png in Resources */,
				CB6C7BC811D4070A00AC7FA8 /* Default.png in Resources */,
				CB6C7BC911D4070A00AC7FA8 /* Icon-72.png in Resources */,
				CB6C7BCA11D4070A00AC7FA8 /* Icon-Small-50.png in Resources */,
				CB6C7BCB11D4070A00AC7FA8 /* Icon-Small.png in Resources */,
				CB6C7BCC11D4070A00AC7FA8 /* Icon-Small@2x.png in Resources */,
				CB6C7BCD11D4070A00AC7FA8 /* Icon.png in Resources */,
				CB6C7BCE11D4070A00AC7FA8 /* Icon@2x.png in Resources */,
				5374FB58120221F200E10248 /* iTunesArtwork in Resources */,
				A1E7E5601633C7FA006FBEAD /* Default-568h@2x.png in Resources */,
			);
			runOnlyForDeploymentPostprocessing = 0;
		};
/* End PBXResourcesBuildPhase section */

/* Begin PBXSourcesBuildPhase section */
		1D60588E0D05DD3D006BFB54 /* Sources */ = {
			isa = PBXSourcesBuildPhase;
			buildActionMask = 2147483647;
			files = (
				1D60589B0D05DD56006BFB54 /* main.m in Sources */,
				1D3623260D0F684500981E51 /* SeismicXMLAppDelegate.eero in Sources */,
				28C286E10D94DF7D0034E888 /* RootViewController.eero in Sources */,
				84EF889E0DB9369300448949 /* Earthquake.eero in Sources */,
				5374FB411202207200E10248 /* ParseOperation.eero in Sources */,
			);
			runOnlyForDeploymentPostprocessing = 0;
		};
/* End PBXSourcesBuildPhase section */

/* Begin PBXVariantGroup section */
		30AE758D0FAB9CA2000B9BFA /* Localizable.strings */ = {
			isa = PBXVariantGroup;
			children = (
				30AE758E0FAB9CA2000B9BFA /* en */,
			);
			name = Localizable.strings;
			sourceTree = "<group>";
		};
/* End PBXVariantGroup section */

/* Begin XCBuildConfiguration section */
		1D6058940D05DD3E006BFB54 /* Debug */ = {
			isa = XCBuildConfiguration;
			buildSettings = {
				COPY_PHASE_STRIP = NO;
				GCC_DYNAMIC_NO_PIC = NO;
				GCC_OPTIMIZATION_LEVEL = 0;
				GCC_PRECOMPILE_PREFIX_HEADER = YES;
				GCC_PREFIX_HEADER = SeismicXML_Prefix.pch;
				GCC_SYMBOLS_PRIVATE_EXTERN = NO;
				INFOPLIST_FILE = Info.plist;
				PRODUCT_NAME = SeismicXML;
			};
			name = Debug;
		};
		1D6058950D05DD3E006BFB54 /* Release */ = {
			isa = XCBuildConfiguration;
			buildSettings = {
				COPY_PHASE_STRIP = YES;
				GCC_PRECOMPILE_PREFIX_HEADER = YES;
				GCC_PREFIX_HEADER = SeismicXML_Prefix.pch;
				INFOPLIST_FILE = Info.plist;
				PRODUCT_NAME = SeismicXML;
			};
			name = Release;
		};
		C01FCF4F08A954540054247B /* Debug */ = {
			isa = XCBuildConfiguration;
			buildSettings = {
				ALWAYS_SEARCH_USER_PATHS = NO;
				ARCHS = "$(ARCHS_STANDARD_32_BIT)";
				"CODE_SIGN_IDENTITY[sdk=iphoneos*]" = "iPhone Developer";
				COPY_PHASE_STRIP = NO;
				GCC_C_LANGUAGE_STANDARD = c99;
				GCC_VERSION = org.eerolanguage.compilers.clang.1_0;
				GCC_WARN_ABOUT_RETURN_TYPE = YES;
				GCC_WARN_UNUSED_VARIABLE = YES;
				IPHONEOS_DEPLOYMENT_TARGET = 6.0;
				ONLY_ACTIVE_ARCH = YES;
				SDKROOT = iphoneos;
				STRIP_INSTALLED_PRODUCT = NO;
			};
			name = Debug;
		};
		C01FCF5008A954540054247B /* Release */ = {
			isa = XCBuildConfiguration;
			buildSettings = {
				ALWAYS_SEARCH_USER_PATHS = NO;
				ARCHS = "$(ARCHS_STANDARD_32_BIT)";
				"CODE_SIGN_IDENTITY[sdk=iphoneos*]" = "iPhone Developer";
				GCC_C_LANGUAGE_STANDARD = c99;
				GCC_VERSION = org.eerolanguage.compilers.clang.1_0;
				GCC_WARN_ABOUT_RETURN_TYPE = YES;
				GCC_WARN_UNUSED_VARIABLE = YES;
				IPHONEOS_DEPLOYMENT_TARGET = 6.0;
				SDKROOT = iphoneos;
			};
			name = Release;
		};
/* End XCBuildConfiguration section */

/* Begin XCConfigurationList section */
		1D6058960D05DD3E006BFB54 /* Build configuration list for PBXNativeTarget "SeismicXML" */ = {
			isa = XCConfigurationList;
			buildConfigurations = (
				1D6058940D05DD3E006BFB54 /* Debug */,
				1D6058950D05DD3E006BFB54 /* Release */,
			);
			defaultConfigurationIsVisible = 0;
			defaultConfigurationName = Release;
		};
		C01FCF4E08A954540054247B /* Build configuration list for PBXProject "SeismicXML" */ = {
			isa = XCConfigurationList;
			buildConfigurations = (
				C01FCF4F08A954540054247B /* Debug */,
				C01FCF5008A954540054247B /* Release */,
			);
			defaultConfigurationIsVisible = 0;
			defaultConfigurationName = Release;
		};
/* End XCConfigurationList section */
	};
	rootObject = 29B97313FDCFA39411CA2CEA /* Project object */;
}
