// !$*UTF8*$!
{
	archiveVersion = 1;
	classes = {
	};
	objectVersion = 46;
	objects = {

/* Begin PBXBuildFile section */
		5C6A582805BEFBB300EDAC9A /* main.m in Sources */ = {isa = PBXBuildFile; fileRef = 08FB7796FE84155DC02AAC07 /* main.m */; settings = {ATTRIBUTES = (); }; };
		5C6A582A05BEFBB300EDAC9A /* Foundation.framework in Frameworks */ = {isa = PBXBuildFile; fileRef = 08FB779EFE84155DC02AAC07 /* Foundation.framework */; };
/* End PBXBuildFile section */

/* Begin PBXFileReference section */
		08FB7796FE84155DC02AAC07 /* main.m */ = {isa = PBXFileReference; fileEncoding = 30; lastKnownFileType = sourcecode.c.objc; path = main.m; sourceTree = "<group>"; };
		08FB779EFE84155DC02AAC07 /* Foundation.framework */ = {isa = PBXFileReference; lastKnownFileType = wrapper.framework; name = Foundation.framework; path = /System/Library/Frameworks/Foundation.framework; sourceTree = "<absolute>"; };
		5C6A582D05BEFBB300EDAC9A /* ForwardInvocation */ = {isa = PBXFileReference; explicitFileType = "compiled.mach-o.executable"; includeInIndex = 0; path = ForwardInvocation; sourceTree = BUILT_PRODUCTS_DIR; };
/* End PBXFileReference section */

/* Begin PBXFrameworksBuildPhase section */
		5C6A582905BEFBB300EDAC9A /* Frameworks */ = {
			isa = PBXFrameworksBuildPhase;
			buildActionMask = 2147483647;
			files = (
				5C6A582A05BEFBB300EDAC9A /* Foundation.framework in Frameworks */,
			);
			runOnlyForDeploymentPostprocessing = 0;
		};
/* End PBXFrameworksBuildPhase section */

/* Begin PBXGroup section */
		08FB7794FE84155DC02AAC07 /* ForwardInvocation */ = {
			isa = PBXGroup;
			children = (
				08FB7795FE84155DC02AAC07 /* Source */,
				08FB779DFE84155DC02AAC07 /* External Frameworks and Libraries */,
				1AB674ADFE9D54B511CA2CBB /* Products */,
			);
			name = ForwardInvocation;
			sourceTree = "<group>";
		};
		08FB7795FE84155DC02AAC07 /* Source */ = {
			isa = PBXGroup;
			children = (
				08FB7796FE84155DC02AAC07 /* main.m */,
			);
			name = Source;
			sourceTree = "<group>";
		};
		08FB779DFE84155DC02AAC07 /* External Frameworks and Libraries */ = {
			isa = PBXGroup;
			children = (
				08FB779EFE84155DC02AAC07 /* Foundation.framework */,
			);
			name = "External Frameworks and Libraries";
			sourceTree = "<group>";
		};
		1AB674ADFE9D54B511CA2CBB /* Products */ = {
			isa = PBXGroup;
			children = (
				5C6A582D05BEFBB300EDAC9A /* ForwardInvocation */,
			);
			name = Products;
			sourceTree = "<group>";
		};
/* End PBXGroup section */

/* Begin PBXHeadersBuildPhase section */
		5C6A582605BEFBB300EDAC9A /* Headers */ = {
			isa = PBXHeadersBuildPhase;
			buildActionMask = 2147483647;
			files = (
			);
			runOnlyForDeploymentPostprocessing = 0;
		};
/* End PBXHeadersBuildPhase section */

/* Begin PBXNativeTarget section */
		5C6A582505BEFBB300EDAC9A /* ForwardInvocation */ = {
			isa = PBXNativeTarget;
			buildConfigurationList = B69BDDA808A2EC2D008AC9B5 /* Build configuration list for PBXNativeTarget "ForwardInvocation" */;
			buildPhases = (
				5C6A582605BEFBB300EDAC9A /* Headers */,
				5C6A582705BEFBB300EDAC9A /* Sources */,
				5C6A582905BEFBB300EDAC9A /* Frameworks */,
				5C6A582B05BEFBB300EDAC9A /* Rez */,
			);
			buildRules = (
			);
			dependencies = (
			);
			name = ForwardInvocation;
			productInstallPath = "$(LOCAL_DEVELOPER_DIR)/Demos";
			productName = ForwardInvocation;
			productReference = 5C6A582D05BEFBB300EDAC9A /* ForwardInvocation */;
			productType = "com.apple.product-type.tool";
		};
/* End PBXNativeTarget section */

/* Begin PBXProject section */
		08FB7793FE84155DC02AAC07 /* Project object */ = {
			isa = PBXProject;
			attributes = {
				LastUpgradeCheck = 0450;
			};
			buildConfigurationList = B69BDDAC08A2EC2D008AC9B5 /* Build configuration list for PBXProject "ForwardInvocation" */;
			compatibilityVersion = "Xcode 3.2";
			developmentRegion = English;
			hasScannedForEncodings = 1;
			knownRegions = (
				en,
			);
			mainGroup = 08FB7794FE84155DC02AAC07 /* ForwardInvocation */;
			projectDirPath = "";
			projectRoot = "";
			targets = (
				5C6A582505BEFBB300EDAC9A /* ForwardInvocation */,
			);
		};
/* End PBXProject section */

/* Begin PBXRezBuildPhase section */
		5C6A582B05BEFBB300EDAC9A /* Rez */ = {
			isa = PBXRezBuildPhase;
			buildActionMask = 2147483647;
			files = (
			);
			runOnlyForDeploymentPostprocessing = 0;
		};
/* End PBXRezBuildPhase section */

/* Begin PBXSourcesBuildPhase section */
		5C6A582705BEFBB300EDAC9A /* Sources */ = {
			isa = PBXSourcesBuildPhase;
			buildActionMask = 2147483647;
			files = (
				5C6A582805BEFBB300EDAC9A /* main.m in Sources */,
			);
			runOnlyForDeploymentPostprocessing = 0;
		};
/* End PBXSourcesBuildPhase section */

/* Begin XCBuildConfiguration section */
		B69BDDA908A2EC2D008AC9B5 /* Development */ = {
			isa = XCBuildConfiguration;
			buildSettings = {
				COPY_PHASE_STRIP = NO;
				FRAMEWORK_SEARCH_PATHS = "";
				GCC_DYNAMIC_NO_PIC = NO;
				GCC_GENERATE_DEBUGGING_SYMBOLS = YES;
				GCC_OPTIMIZATION_LEVEL = 0;
				HEADER_SEARCH_PATHS = "";
				INSTALL_PATH = "$(LOCAL_DEVELOPER_DIR)/Demos";
				LIBRARY_SEARCH_PATHS = "";
				OTHER_CFLAGS = "";
				OTHER_LDFLAGS = "";
				OTHER_REZFLAGS = "";
				PRODUCT_NAME = ForwardInvocation;
				REZ_EXECUTABLE = YES;
				SDKROOT = "";
				SECTORDER_FLAGS = "";
				WARNING_CFLAGS = (
					"-Wmost",
					"-Wno-four-char-constants",
					"-Wno-unknown-pragmas",
				);
				ZERO_LINK = YES;
			};
			name = Development;
		};
		B69BDDAA08A2EC2D008AC9B5 /* Deployment */ = {
			isa = XCBuildConfiguration;
			buildSettings = {
				COPY_PHASE_STRIP = YES;
				FRAMEWORK_SEARCH_PATHS = "";
				HEADER_SEARCH_PATHS = "";
				INSTALL_PATH = "$(LOCAL_DEVELOPER_DIR)/Demos";
				LIBRARY_SEARCH_PATHS = "";
				OTHER_CFLAGS = "";
				OTHER_LDFLAGS = "";
				OTHER_REZFLAGS = "";
				PRODUCT_NAME = ForwardInvocation;
				REZ_EXECUTABLE = YES;
				SDKROOT = "";
				SECTORDER_FLAGS = "";
				WARNING_CFLAGS = (
					"-Wmost",
					"-Wno-four-char-constants",
					"-Wno-unknown-pragmas",
				);
				ZERO_LINK = NO;
			};
			name = Deployment;
		};
		B69BDDAB08A2EC2D008AC9B5 /* Default */ = {
			isa = XCBuildConfiguration;
			buildSettings = {
				FRAMEWORK_SEARCH_PATHS = "";
				HEADER_SEARCH_PATHS = "";
				INSTALL_PATH = "$(LOCAL_DEVELOPER_DIR)/Demos";
				LIBRARY_SEARCH_PATHS = "";
				OTHER_CFLAGS = "";
				OTHER_LDFLAGS = "";
				OTHER_REZFLAGS = "";
				PRODUCT_NAME = ForwardInvocation;
				REZ_EXECUTABLE = YES;
				SDKROOT = "";
				SECTORDER_FLAGS = "";
				WARNING_CFLAGS = (
					"-Wmost",
					"-Wno-four-char-constants",
					"-Wno-unknown-pragmas",
				);
			};
			name = Default;
		};
		B69BDDAD08A2EC2D008AC9B5 /* Development */ = {
			isa = XCBuildConfiguration;
			buildSettings = {
				MACOSX_DEPLOYMENT_TARGET = 10.8;
				SDKROOT = "$(DEVELOPER_SDK_DIR)/MacOSX10.6.sdk";
			};
			name = Development;
		};
		B69BDDAE08A2EC2D008AC9B5 /* Deployment */ = {
			isa = XCBuildConfiguration;
			buildSettings = {
				MACOSX_DEPLOYMENT_TARGET = 10.8;
				SDKROOT = "$(DEVELOPER_SDK_DIR)/MacOSX10.6.sdk";
			};
			name = Deployment;
		};
		B69BDDAF08A2EC2D008AC9B5 /* Default */ = {
			isa = XCBuildConfiguration;
			buildSettings = {
				MACOSX_DEPLOYMENT_TARGET = 10.8;
				SDKROOT = "$(DEVELOPER_SDK_DIR)/MacOSX10.6.sdk";
			};
			name = Default;
		};
/* End XCBuildConfiguration section */

/* Begin XCConfigurationList section */
		B69BDDA808A2EC2D008AC9B5 /* Build configuration list for PBXNativeTarget "ForwardInvocation" */ = {
			isa = XCConfigurationList;
			buildConfigurations = (
				B69BDDA908A2EC2D008AC9B5 /* Development */,
				B69BDDAA08A2EC2D008AC9B5 /* Deployment */,
				B69BDDAB08A2EC2D008AC9B5 /* Default */,
			);
			defaultConfigurationIsVisible = 0;
			defaultConfigurationName = Default;
		};
		B69BDDAC08A2EC2D008AC9B5 /* Build configuration list for PBXProject "ForwardInvocation" */ = {
			isa = XCConfigurationList;
			buildConfigurations = (
				B69BDDAD08A2EC2D008AC9B5 /* Development */,
				B69BDDAE08A2EC2D008AC9B5 /* Deployment */,
				B69BDDAF08A2EC2D008AC9B5 /* Default */,
			);
			defaultConfigurationIsVisible = 0;
			defaultConfigurationName = Default;
		};
/* End XCConfigurationList section */
	};
	rootObject = 08FB7793FE84155DC02AAC07 /* Project object */;
}
