// !$*UTF8*$!
{
	archiveVersion = 1;
	classes = {
	};
	objectVersion = 46;
	objects = {

/* Begin PBXBuildFile section */
		A135E46614FF26A2007789ED /* Cocoa.framework in Frameworks */ = {isa = PBXBuildFile; fileRef = A135E46514FF26A2007789ED /* Cocoa.framework */; };
		A135E47014FF26A2007789ED /* InfoPlist.strings in Resources */ = {isa = PBXBuildFile; fileRef = A135E46E14FF26A2007789ED /* InfoPlist.strings */; };
		A135E47214FF26A2007789ED /* main.m in Sources */ = {isa = PBXBuildFile; fileRef = A135E47114FF26A2007789ED /* main.m */; };
		A135E48314FF3D30007789ED /* eero-source_Icon.icns in Resources */ = {isa = PBXBuildFile; fileRef = A135E48214FF3D30007789ED /* eero-source_Icon.icns */; };
/* End PBXBuildFile section */

/* Begin PBXFileReference section */
		A135E46114FF26A2007789ED /* Register Eero File Types.app */ = {isa = PBXFileReference; explicitFileType = wrapper.application; includeInIndex = 0; path = "Register Eero File Types.app"; sourceTree = BUILT_PRODUCTS_DIR; };
		A135E46514FF26A2007789ED /* Cocoa.framework */ = {isa = PBXFileReference; lastKnownFileType = wrapper.framework; name = Cocoa.framework; path = System/Library/Frameworks/Cocoa.framework; sourceTree = SDKROOT; };
		A135E46814FF26A2007789ED /* AppKit.framework */ = {isa = PBXFileReference; lastKnownFileType = wrapper.framework; name = AppKit.framework; path = System/Library/Frameworks/AppKit.framework; sourceTree = SDKROOT; };
		A135E46A14FF26A2007789ED /* Foundation.framework */ = {isa = PBXFileReference; lastKnownFileType = wrapper.framework; name = Foundation.framework; path = System/Library/Frameworks/Foundation.framework; sourceTree = SDKROOT; };
		A135E46D14FF26A2007789ED /* Register Eero File Types-Info.plist */ = {isa = PBXFileReference; lastKnownFileType = text.plist.xml; path = "Register Eero File Types-Info.plist"; sourceTree = "<group>"; };
		A135E46F14FF26A2007789ED /* en */ = {isa = PBXFileReference; lastKnownFileType = text.plist.strings; name = en; path = en.lproj/InfoPlist.strings; sourceTree = "<group>"; };
		A135E47114FF26A2007789ED /* main.m */ = {isa = PBXFileReference; lastKnownFileType = sourcecode.c.objc; path = main.m; sourceTree = "<group>"; };
		A135E48214FF3D30007789ED /* eero-source_Icon.icns */ = {isa = PBXFileReference; lastKnownFileType = image.icns; path = "eero-source_Icon.icns"; sourceTree = "<group>"; };
/* End PBXFileReference section */

/* Begin PBXFrameworksBuildPhase section */
		A135E45E14FF26A2007789ED /* Frameworks */ = {
			isa = PBXFrameworksBuildPhase;
			buildActionMask = 2147483647;
			files = (
				A135E46614FF26A2007789ED /* Cocoa.framework in Frameworks */,
			);
			runOnlyForDeploymentPostprocessing = 0;
		};
/* End PBXFrameworksBuildPhase section */

/* Begin PBXGroup section */
		A135E45614FF26A2007789ED = {
			isa = PBXGroup;
			children = (
				A135E46B14FF26A2007789ED /* Register Eero File Types */,
				A135E46414FF26A2007789ED /* Frameworks */,
				A135E46214FF26A2007789ED /* Products */,
			);
			sourceTree = "<group>";
		};
		A135E46214FF26A2007789ED /* Products */ = {
			isa = PBXGroup;
			children = (
				A135E46114FF26A2007789ED /* Register Eero File Types.app */,
			);
			name = Products;
			sourceTree = "<group>";
		};
		A135E46414FF26A2007789ED /* Frameworks */ = {
			isa = PBXGroup;
			children = (
				A135E46514FF26A2007789ED /* Cocoa.framework */,
				A135E46714FF26A2007789ED /* Other Frameworks */,
			);
			name = Frameworks;
			sourceTree = "<group>";
		};
		A135E46714FF26A2007789ED /* Other Frameworks */ = {
			isa = PBXGroup;
			children = (
				A135E46814FF26A2007789ED /* AppKit.framework */,
				A135E46A14FF26A2007789ED /* Foundation.framework */,
			);
			name = "Other Frameworks";
			sourceTree = "<group>";
		};
		A135E46B14FF26A2007789ED /* Register Eero File Types */ = {
			isa = PBXGroup;
			children = (
				A135E47114FF26A2007789ED /* main.m */,
				A135E48414FF3D3E007789ED /* Resources */,
				A135E46C14FF26A2007789ED /* Supporting Files */,
			);
			path = "Register Eero File Types";
			sourceTree = "<group>";
		};
		A135E46C14FF26A2007789ED /* Supporting Files */ = {
			isa = PBXGroup;
			children = (
				A135E46D14FF26A2007789ED /* Register Eero File Types-Info.plist */,
				A135E46E14FF26A2007789ED /* InfoPlist.strings */,
			);
			name = "Supporting Files";
			sourceTree = "<group>";
		};
		A135E48414FF3D3E007789ED /* Resources */ = {
			isa = PBXGroup;
			children = (
				A135E48214FF3D30007789ED /* eero-source_Icon.icns */,
			);
			name = Resources;
			sourceTree = "<group>";
		};
/* End PBXGroup section */

/* Begin PBXNativeTarget section */
		A135E46014FF26A2007789ED /* Register Eero File Types */ = {
			isa = PBXNativeTarget;
			buildConfigurationList = A135E47F14FF26A2007789ED /* Build configuration list for PBXNativeTarget "Register Eero File Types" */;
			buildPhases = (
				A135E45D14FF26A2007789ED /* Sources */,
				A135E45E14FF26A2007789ED /* Frameworks */,
				A135E45F14FF26A2007789ED /* Resources */,
			);
			buildRules = (
			);
			dependencies = (
			);
			name = "Register Eero File Types";
			productName = "Register Eero File Types";
			productReference = A135E46114FF26A2007789ED /* Register Eero File Types.app */;
			productType = "com.apple.product-type.application";
		};
/* End PBXNativeTarget section */

/* Begin PBXProject section */
		A135E45814FF26A2007789ED /* Project object */ = {
			isa = PBXProject;
			attributes = {
				LastUpgradeCheck = 0420;
			};
			buildConfigurationList = A135E45B14FF26A2007789ED /* Build configuration list for PBXProject "Register Eero File Types" */;
			compatibilityVersion = "Xcode 3.2";
			developmentRegion = English;
			hasScannedForEncodings = 0;
			knownRegions = (
				en,
			);
			mainGroup = A135E45614FF26A2007789ED;
			productRefGroup = A135E46214FF26A2007789ED /* Products */;
			projectDirPath = "";
			projectRoot = "";
			targets = (
				A135E46014FF26A2007789ED /* Register Eero File Types */,
			);
		};
/* End PBXProject section */

/* Begin PBXResourcesBuildPhase section */
		A135E45F14FF26A2007789ED /* Resources */ = {
			isa = PBXResourcesBuildPhase;
			buildActionMask = 2147483647;
			files = (
				A135E47014FF26A2007789ED /* InfoPlist.strings in Resources */,
				A135E48314FF3D30007789ED /* eero-source_Icon.icns in Resources */,
			);
			runOnlyForDeploymentPostprocessing = 0;
		};
/* End PBXResourcesBuildPhase section */

/* Begin PBXSourcesBuildPhase section */
		A135E45D14FF26A2007789ED /* Sources */ = {
			isa = PBXSourcesBuildPhase;
			buildActionMask = 2147483647;
			files = (
				A135E47214FF26A2007789ED /* main.m in Sources */,
			);
			runOnlyForDeploymentPostprocessing = 0;
		};
/* End PBXSourcesBuildPhase section */

/* Begin PBXVariantGroup section */
		A135E46E14FF26A2007789ED /* InfoPlist.strings */ = {
			isa = PBXVariantGroup;
			children = (
				A135E46F14FF26A2007789ED /* en */,
			);
			name = InfoPlist.strings;
			sourceTree = "<group>";
		};
/* End PBXVariantGroup section */

/* Begin XCBuildConfiguration section */
		A135E47D14FF26A2007789ED /* Debug */ = {
			isa = XCBuildConfiguration;
			buildSettings = {
				ALWAYS_SEARCH_USER_PATHS = NO;
				ARCHS = "$(ARCHS_STANDARD_32_64_BIT)";
				COPY_PHASE_STRIP = NO;
				GCC_C_LANGUAGE_STANDARD = gnu99;
				GCC_DYNAMIC_NO_PIC = NO;
				GCC_ENABLE_OBJC_EXCEPTIONS = YES;
				GCC_OPTIMIZATION_LEVEL = 0;
				GCC_PREPROCESSOR_DEFINITIONS = (
					"DEBUG=1",
					"$(inherited)",
				);
				GCC_SYMBOLS_PRIVATE_EXTERN = NO;
				GCC_VERSION = com.apple.compilers.llvm.clang.1_0;
				GCC_WARN_64_TO_32_BIT_CONVERSION = YES;
				GCC_WARN_ABOUT_MISSING_PROTOTYPES = YES;
				GCC_WARN_ABOUT_RETURN_TYPE = YES;
				GCC_WARN_UNUSED_VARIABLE = YES;
				MACOSX_DEPLOYMENT_TARGET = 10.7;
				ONLY_ACTIVE_ARCH = YES;
				SDKROOT = macosx;
			};
			name = Debug;
		};
		A135E47E14FF26A2007789ED /* Release */ = {
			isa = XCBuildConfiguration;
			buildSettings = {
				ALWAYS_SEARCH_USER_PATHS = NO;
				ARCHS = "$(ARCHS_STANDARD_32_64_BIT)";
				COPY_PHASE_STRIP = YES;
				DEBUG_INFORMATION_FORMAT = "dwarf-with-dsym";
				GCC_C_LANGUAGE_STANDARD = gnu99;
				GCC_ENABLE_OBJC_EXCEPTIONS = YES;
				GCC_VERSION = com.apple.compilers.llvm.clang.1_0;
				GCC_WARN_64_TO_32_BIT_CONVERSION = YES;
				GCC_WARN_ABOUT_MISSING_PROTOTYPES = YES;
				GCC_WARN_ABOUT_RETURN_TYPE = YES;
				GCC_WARN_UNUSED_VARIABLE = YES;
				MACOSX_DEPLOYMENT_TARGET = 10.7;
				SDKROOT = macosx;
			};
			name = Release;
		};
		A135E48014FF26A2007789ED /* Debug */ = {
			isa = XCBuildConfiguration;
			buildSettings = {
				GCC_PRECOMPILE_PREFIX_HEADER = NO;
				GCC_PREFIX_HEADER = "";
				INFOPLIST_FILE = "Register Eero File Types/Register Eero File Types-Info.plist";
				PRECOMPS_INCLUDE_HEADERS_FROM_BUILT_PRODUCTS_DIR = NO;
				PRODUCT_NAME = "$(TARGET_NAME)";
				WRAPPER_EXTENSION = app;
			};
			name = Debug;
		};
		A135E48114FF26A2007789ED /* Release */ = {
			isa = XCBuildConfiguration;
			buildSettings = {
				GCC_PRECOMPILE_PREFIX_HEADER = NO;
				GCC_PREFIX_HEADER = "";
				INFOPLIST_FILE = "Register Eero File Types/Register Eero File Types-Info.plist";
				PRECOMPS_INCLUDE_HEADERS_FROM_BUILT_PRODUCTS_DIR = NO;
				PRODUCT_NAME = "$(TARGET_NAME)";
				WRAPPER_EXTENSION = app;
			};
			name = Release;
		};
/* End XCBuildConfiguration section */

/* Begin XCConfigurationList section */
		A135E45B14FF26A2007789ED /* Build configuration list for PBXProject "Register Eero File Types" */ = {
			isa = XCConfigurationList;
			buildConfigurations = (
				A135E47D14FF26A2007789ED /* Debug */,
				A135E47E14FF26A2007789ED /* Release */,
			);
			defaultConfigurationIsVisible = 0;
			defaultConfigurationName = Release;
		};
		A135E47F14FF26A2007789ED /* Build configuration list for PBXNativeTarget "Register Eero File Types" */ = {
			isa = XCConfigurationList;
			buildConfigurations = (
				A135E48014FF26A2007789ED /* Debug */,
				A135E48114FF26A2007789ED /* Release */,
			);
			defaultConfigurationIsVisible = 0;
			defaultConfigurationName = Release;
		};
/* End XCConfigurationList section */
	};
	rootObject = A135E45814FF26A2007789ED /* Project object */;
}
